
Microsoft Visual Studio Solution File, Format Version 12.00
# Visual Studio 15
VisualStudioVersion = 15.0.28010.2026
MinimumVisualStudioVersion = 10.0.40219.1
Project("{FAE04EC0-301F-11D3-BF4B-00C04F79EFBC}") = "FinalStateMachine", "SMProject\FinalStateMachine.csproj", "{A122F2F8-D346-47D5-A38C-A102C4D3FDE7}"
EndProject
Global
	GlobalSection(SolutionConfigurationPlatforms) = preSolution
		Debug|Any CPU = Debug|Any CPU
		Release|Any CPU = Release|Any CPU
	EndGlobalSection
	GlobalSection(ProjectConfigurationPlatforms) = postSolution
		{A122F2F8-D346-47D5-A38C-A102C4D3FDE7}.Debug|Any CPU.ActiveCfg = Debug|Any CPU
		{A122F2F8-D346-47D5-A38C-A102C4D3FDE7}.Debug|Any CPU.Build.0 = Debug|Any CPU
		{A122F2F8-D346-47D5-A38C-A102C4D3FDE7}.Release|Any CPU.ActiveCfg = Release|Any CPU
		{A122F2F8-D346-47D5-A38C-A102C4D3FDE7}.Release|Any CPU.Build.0 = Release|Any CPU
	EndGlobalSection
	GlobalSection(SolutionProperties) = preSolution
		HideSolutionNode = FALSE
	EndGlobalSection
	GlobalSection(ExtensibilityGlobals) = postSolution
		SolutionGuid = {E49021E1-069A-40DA-BDFD-5EC1BFE3B3F1}
	EndGlobalSection
EndGlobal
